
Microsoft Visual Studio Solution File, Format Version 12.00
# Visual Studio 15
VisualStudioVersion = 15.0.27703.2035
MinimumVisualStudioVersion = 10.0.40219.1
Project("{FAE04EC0-301F-11D3-BF4B-00C04F79EFBC}") = "UI", "UI\UI.csproj", "{778DA4A7-A9BB-4DF8-96B6-53506438A60B}"
EndProject
Project("{FAE04EC0-301F-11D3-BF4B-00C04F79EFBC}") = "Core", "Core\Core.csproj", "{6797AD90-43E3-461A-AF52-419B8F6228F6}"
EndProject
Project("{FAE04EC0-301F-11D3-BF4B-00C04F79EFBC}") = "Data", "Data\Data.csproj", "{BF645878-244B-433F-BBF8-ACA2F6B062AA}"
EndProject
Global
	GlobalSection(SolutionConfigurationPlatforms) = preSolution
		Debug|Any CPU = Debug|Any CPU
		Release|Any CPU = Release|Any CPU
	EndGlobalSection
	GlobalSection(ProjectConfigurationPlatforms) = postSolution
		{778DA4A7-A9BB-4DF8-96B6-53506438A60B}.Debug|Any CPU.ActiveCfg = Debug|Any CPU
		{778DA4A7-A9BB-4DF8-96B6-53506438A60B}.Debug|Any CPU.Build.0 = Debug|Any CPU
		{778DA4A7-A9BB-4DF8-96B6-53506438A60B}.Release|Any CPU.ActiveCfg = Release|Any CPU
		{778DA4A7-A9BB-4DF8-96B6-53506438A60B}.Release|Any CPU.Build.0 = Release|Any CPU
		{6797AD90-43E3-461A-AF52-419B8F6228F6}.Debug|Any CPU.ActiveCfg = Debug|Any CPU
		{6797AD90-43E3-461A-AF52-419B8F6228F6}.Debug|Any CPU.Build.0 = Debug|Any CPU
		{6797AD90-43E3-461A-AF52-419B8F6228F6}.Release|Any CPU.ActiveCfg = Release|Any CPU
		{6797AD90-43E3-461A-AF52-419B8F6228F6}.Release|Any CPU.Build.0 = Release|Any CPU
		{BF645878-244B-433F-BBF8-ACA2F6B062AA}.Debug|Any CPU.ActiveCfg = Debug|Any CPU
		{BF645878-244B-433F-BBF8-ACA2F6B062AA}.Debug|Any CPU.Build.0 = Debug|Any CPU
		{BF645878-244B-433F-BBF8-ACA2F6B062AA}.Release|Any CPU.ActiveCfg = Release|Any CPU
		{BF645878-244B-433F-BBF8-ACA2F6B062AA}.Release|Any CPU.Build.0 = Release|Any CPU
	EndGlobalSection
	GlobalSection(SolutionProperties) = preSolution
		HideSolutionNode = FALSE
	EndGlobalSection
	GlobalSection(ExtensibilityGlobals) = postSolution
		SolutionGuid = {1D879198-CA37-4E47-921E-1A52F5360159}
	EndGlobalSection
EndGlobal
